
Microsoft Visual Studio Solution File, Format Version 12.00
# Visual Studio Version 16
VisualStudioVersion = 16.0.31624.102
MinimumVisualStudioVersion = 10.0.40219.1
Project("{FAE04EC0-301F-11D3-BF4B-00C04F79EFBC}") = "DemoUpSchoolProject", "DemoUpSchoolProject\DemoUpSchoolProject.csproj", "{2C821B5A-9C45-4A04-9CED-96987A370563}"
EndProject
Global
	GlobalSection(SolutionConfigurationPlatforms) = preSolution
		Debug|Any CPU = Debug|Any CPU
		Release|Any CPU = Release|Any CPU
	EndGlobalSection
	GlobalSection(ProjectConfigurationPlatforms) = postSolution
		{2C821B5A-9C45-4A04-9CED-96987A370563}.Debug|Any CPU.ActiveCfg = Debug|Any CPU
		{2C821B5A-9C45-4A04-9CED-96987A370563}.Debug|Any CPU.Build.0 = Debug|Any CPU
		{2C821B5A-9C45-4A04-9CED-96987A370563}.Release|Any CPU.ActiveCfg = Release|Any CPU
		{2C821B5A-9C45-4A04-9CED-96987A370563}.Release|Any CPU.Build.0 = Release|Any CPU
	EndGlobalSection
	GlobalSection(SolutionProperties) = preSolution
		HideSolutionNode = FALSE
	EndGlobalSection
	GlobalSection(ExtensibilityGlobals) = postSolution
		SolutionGuid = {7549211C-611F-4EB4-AAF1-FB3E0760BFF6}
	EndGlobalSection
EndGlobal
